// !$*UTF8*$!
{
	archiveVersion = 1;
	classes = {
	};
	objectVersion = 46;
	objects = {

/* Begin PBXBuildFile section */
		D55471831B7242DE002A92E4 /* wds.cpp in Sources */ = {isa = PBXBuildFile; fileRef = D55471811B7242DE002A92E4 /* wds.cpp */; };
		D55471861B72439A002A92E4 /* mongoose.c in Sources */ = {isa = PBXBuildFile; fileRef = D55471841B72439A002A92E4 /* mongoose.c */; };
/* End PBXBuildFile section */

/* Begin PBXCopyFilesBuildPhase section */
		D55471751B72428F002A92E4 /* CopyFiles */ = {
			isa = PBXCopyFilesBuildPhase;
			buildActionMask = 2147483647;
			dstPath = /usr/share/man/man1/;
			dstSubfolderSpec = 0;
			files = (
			);
			runOnlyForDeploymentPostprocessing = 1;
		};
/* End PBXCopyFilesBuildPhase section */

/* Begin PBXFileReference section */
		D55471771B72428F002A92E4 /* wds */ = {isa = PBXFileReference; explicitFileType = "compiled.mach-o.executable"; includeInIndex = 0; path = wds; sourceTree = BUILT_PRODUCTS_DIR; };
		D55471811B7242DE002A92E4 /* wds.cpp */ = {isa = PBXFileReference; fileEncoding = 4; lastKnownFileType = sourcecode.cpp.cpp; path = wds.cpp; sourceTree = SOURCE_ROOT; };
		D55471821B7242DE002A92E4 /* wds.h */ = {isa = PBXFileReference; fileEncoding = 4; lastKnownFileType = sourcecode.c.h; path = wds.h; sourceTree = SOURCE_ROOT; };
		D55471841B72439A002A92E4 /* mongoose.c */ = {isa = PBXFileReference; fileEncoding = 4; lastKnownFileType = sourcecode.c.c; path = mongoose.c; sourceTree = SOURCE_ROOT; };
		D55471851B72439A002A92E4 /* mongoose.h */ = {isa = PBXFileReference; fileEncoding = 4; lastKnownFileType = sourcecode.c.h; path = mongoose.h; sourceTree = SOURCE_ROOT; };
		D55471881B72477A002A92E4 /* index.html */ = {isa = PBXFileReference; fileEncoding = 4; lastKnownFileType = text.html; path = index.html; sourceTree = SOURCE_ROOT; };
		D55471891B72498D002A92E4 /* wds.css */ = {isa = PBXFileReference; fileEncoding = 4; lastKnownFileType = text.css; path = wds.css; sourceTree = SOURCE_ROOT; };
		D554718A1B72498D002A92E4 /* wds.js */ = {isa = PBXFileReference; fileEncoding = 4; lastKnownFileType = sourcecode.javascript; path = wds.js; sourceTree = SOURCE_ROOT; };
		D5D7CE451B74EFB40037D843 /* controls.js */ = {isa = PBXFileReference; fileEncoding = 4; lastKnownFileType = sourcecode.javascript; path = controls.js; sourceTree = SOURCE_ROOT; };
/* End PBXFileReference section */

/* Begin PBXFrameworksBuildPhase section */
		D55471741B72428F002A92E4 /* Frameworks */ = {
			isa = PBXFrameworksBuildPhase;
			buildActionMask = 2147483647;
			files = (
			);
			runOnlyForDeploymentPostprocessing = 0;
		};
/* End PBXFrameworksBuildPhase section */

/* Begin PBXGroup section */
		D554716E1B72428F002A92E4 = {
			isa = PBXGroup;
			children = (
				D55471791B72428F002A92E4 /* wds */,
				D55471781B72428F002A92E4 /* Products */,
			);
			sourceTree = "<group>";
		};
		D55471781B72428F002A92E4 /* Products */ = {
			isa = PBXGroup;
			children = (
				D55471771B72428F002A92E4 /* wds */,
			);
			name = Products;
			sourceTree = "<group>";
		};
		D55471791B72428F002A92E4 /* wds */ = {
			isa = PBXGroup;
			children = (
				D55471891B72498D002A92E4 /* wds.css */,
				D554718A1B72498D002A92E4 /* wds.js */,
				D5D7CE451B74EFB40037D843 /* controls.js */,
				D55471881B72477A002A92E4 /* index.html */,
				D55471841B72439A002A92E4 /* mongoose.c */,
				D55471851B72439A002A92E4 /* mongoose.h */,
				D55471811B7242DE002A92E4 /* wds.cpp */,
				D55471821B7242DE002A92E4 /* wds.h */,
			);
			path = wds;
			sourceTree = "<group>";
		};
/* End PBXGroup section */

/* Begin PBXNativeTarget section */
		D55471761B72428F002A92E4 /* wds */ = {
			isa = PBXNativeTarget;
			buildConfigurationList = D554717E1B72428F002A92E4 /* Build configuration list for PBXNativeTarget "wds" */;
			buildPhases = (
				D55471731B72428F002A92E4 /* Sources */,
				D55471741B72428F002A92E4 /* Frameworks */,
				D55471751B72428F002A92E4 /* CopyFiles */,
			);
			buildRules = (
			);
			dependencies = (
			);
			name = wds;
			productName = wds;
			productReference = D55471771B72428F002A92E4 /* wds */;
			productType = "com.apple.product-type.tool";
		};
/* End PBXNativeTarget section */

/* Begin PBXProject section */
		D554716F1B72428F002A92E4 /* Project object */ = {
			isa = PBXProject;
			attributes = {
				LastUpgradeCheck = 0640;
				ORGANIZATIONNAME = "Stefan Ritt";
				TargetAttributes = {
					D55471761B72428F002A92E4 = {
						CreatedOnToolsVersion = 6.4;
					};
				};
			};
			buildConfigurationList = D55471721B72428F002A92E4 /* Build configuration list for PBXProject "wds" */;
			compatibilityVersion = "Xcode 3.2";
			developmentRegion = English;
			hasScannedForEncodings = 0;
			knownRegions = (
				en,
			);
			mainGroup = D554716E1B72428F002A92E4;
			productRefGroup = D55471781B72428F002A92E4 /* Products */;
			projectDirPath = "";
			projectRoot = "";
			targets = (
				D55471761B72428F002A92E4 /* wds */,
			);
		};
/* End PBXProject section */

/* Begin PBXSourcesBuildPhase section */
		D55471731B72428F002A92E4 /* Sources */ = {
			isa = PBXSourcesBuildPhase;
			buildActionMask = 2147483647;
			files = (
				D55471861B72439A002A92E4 /* mongoose.c in Sources */,
				D55471831B7242DE002A92E4 /* wds.cpp in Sources */,
			);
			runOnlyForDeploymentPostprocessing = 0;
		};
/* End PBXSourcesBuildPhase section */

/* Begin XCBuildConfiguration section */
		D554717C1B72428F002A92E4 /* Debug */ = {
			isa = XCBuildConfiguration;
			buildSettings = {
				ALWAYS_SEARCH_USER_PATHS = NO;
				CLANG_CXX_LANGUAGE_STANDARD = "gnu++0x";
				CLANG_CXX_LIBRARY = "libc++";
				CLANG_ENABLE_MODULES = YES;
				CLANG_ENABLE_OBJC_ARC = YES;
				CLANG_WARN_BOOL_CONVERSION = YES;
				CLANG_WARN_CONSTANT_CONVERSION = YES;
				CLANG_WARN_DIRECT_OBJC_ISA_USAGE = YES_ERROR;
				CLANG_WARN_EMPTY_BODY = YES;
				CLANG_WARN_ENUM_CONVERSION = YES;
				CLANG_WARN_INT_CONVERSION = YES;
				CLANG_WARN_OBJC_ROOT_CLASS = YES_ERROR;
				CLANG_WARN_UNREACHABLE_CODE = YES;
				CLANG_WARN__DUPLICATE_METHOD_MATCH = YES;
				COPY_PHASE_STRIP = NO;
				DEBUG_INFORMATION_FORMAT = dwarf;
				ENABLE_STRICT_OBJC_MSGSEND = YES;
				GCC_C_LANGUAGE_STANDARD = gnu99;
				GCC_DYNAMIC_NO_PIC = NO;
				GCC_NO_COMMON_BLOCKS = YES;
				GCC_OPTIMIZATION_LEVEL = 0;
				GCC_PREPROCESSOR_DEFINITIONS = (
					"DEBUG=1",
					"$(inherited)",
				);
				GCC_SYMBOLS_PRIVATE_EXTERN = NO;
				GCC_WARN_64_TO_32_BIT_CONVERSION = YES;
				GCC_WARN_ABOUT_RETURN_TYPE = YES_ERROR;
				GCC_WARN_UNDECLARED_SELECTOR = YES;
				GCC_WARN_UNINITIALIZED_AUTOS = YES_AGGRESSIVE;
				GCC_WARN_UNUSED_FUNCTION = YES;
				GCC_WARN_UNUSED_VARIABLE = YES;
				MACOSX_DEPLOYMENT_TARGET = 10.10;
				MTL_ENABLE_DEBUG_INFO = YES;
				ONLY_ACTIVE_ARCH = YES;
				SDKROOT = macosx;
			};
			name = Debug;
		};
		D554717D1B72428F002A92E4 /* Release */ = {
			isa = XCBuildConfiguration;
			buildSettings = {
				ALWAYS_SEARCH_USER_PATHS = NO;
				CLANG_CXX_LANGUAGE_STANDARD = "gnu++0x";
				CLANG_CXX_LIBRARY = "libc++";
				CLANG_ENABLE_MODULES = YES;
				CLANG_ENABLE_OBJC_ARC = YES;
				CLANG_WARN_BOOL_CONVERSION = YES;
				CLANG_WARN_CONSTANT_CONVERSION = YES;
				CLANG_WARN_DIRECT_OBJC_ISA_USAGE = YES_ERROR;
				CLANG_WARN_EMPTY_BODY = YES;
				CLANG_WARN_ENUM_CONVERSION = YES;
				CLANG_WARN_INT_CONVERSION = YES;
				CLANG_WARN_OBJC_ROOT_CLASS = YES_ERROR;
				CLANG_WARN_UNREACHABLE_CODE = YES;
				CLANG_WARN__DUPLICATE_METHOD_MATCH = YES;
				COPY_PHASE_STRIP = NO;
				DEBUG_INFORMATION_FORMAT = "dwarf-with-dsym";
				ENABLE_NS_ASSERTIONS = NO;
				ENABLE_STRICT_OBJC_MSGSEND = YES;
				GCC_C_LANGUAGE_STANDARD = gnu99;
				GCC_NO_COMMON_BLOCKS = YES;
				GCC_WARN_64_TO_32_BIT_CONVERSION = YES;
				GCC_WARN_ABOUT_RETURN_TYPE = YES_ERROR;
				GCC_WARN_UNDECLARED_SELECTOR = YES;
				GCC_WARN_UNINITIALIZED_AUTOS = YES_AGGRESSIVE;
				GCC_WARN_UNUSED_FUNCTION = YES;
				GCC_WARN_UNUSED_VARIABLE = YES;
				MACOSX_DEPLOYMENT_TARGET = 10.10;
				MTL_ENABLE_DEBUG_INFO = NO;
				SDKROOT = macosx;
			};
			name = Release;
		};
		D554717F1B72428F002A92E4 /* Debug */ = {
			isa = XCBuildConfiguration;
			buildSettings = {
				PRODUCT_NAME = "$(TARGET_NAME)";
			};
			name = Debug;
		};
		D55471801B72428F002A92E4 /* Release */ = {
			isa = XCBuildConfiguration;
			buildSettings = {
				PRODUCT_NAME = "$(TARGET_NAME)";
			};
			name = Release;
		};
/* End XCBuildConfiguration section */

/* Begin XCConfigurationList section */
		D55471721B72428F002A92E4 /* Build configuration list for PBXProject "wds" */ = {
			isa = XCConfigurationList;
			buildConfigurations = (
				D554717C1B72428F002A92E4 /* Debug */,
				D554717D1B72428F002A92E4 /* Release */,
			);
			defaultConfigurationIsVisible = 0;
			defaultConfigurationName = Release;
		};
		D554717E1B72428F002A92E4 /* Build configuration list for PBXNativeTarget "wds" */ = {
			isa = XCConfigurationList;
			buildConfigurations = (
				D554717F1B72428F002A92E4 /* Debug */,
				D55471801B72428F002A92E4 /* Release */,
			);
			defaultConfigurationIsVisible = 0;
			defaultConfigurationName = Release;
		};
/* End XCConfigurationList section */
	};
	rootObject = D554716F1B72428F002A92E4 /* Project object */;
}
