
Microsoft Visual Studio Solution File, Format Version 12.00
# Visual Studio 2012
Project("{8BC9CEB8-8B4A-11D0-8D11-00A0C91BC942}") = "wds", "wds.vcxproj", "{105C12F1-5AFE-421A-ABDB-B3B2413EF751}"
EndProject
Global
	GlobalSection(SolutionConfigurationPlatforms) = preSolution
		Debug|Win32 = Debug|Win32
		Release|Win32 = Release|Win32
	EndGlobalSection
	GlobalSection(ProjectConfigurationPlatforms) = postSolution
		{105C12F1-5AFE-421A-ABDB-B3B2413EF751}.Debug|Win32.ActiveCfg = Debug|Win32
		{105C12F1-5AFE-421A-ABDB-B3B2413EF751}.Debug|Win32.Build.0 = Debug|Win32
		{105C12F1-5AFE-421A-ABDB-B3B2413EF751}.Release|Win32.ActiveCfg = Release|Win32
		{105C12F1-5AFE-421A-ABDB-B3B2413EF751}.Release|Win32.Build.0 = Release|Win32
	EndGlobalSection
	GlobalSection(SolutionProperties) = preSolution
		HideSolutionNode = FALSE
	EndGlobalSection
EndGlobal
