// !$*UTF8*$!
{
	archiveVersion = 1;
	classes = {
	};
	objectVersion = 46;
	objects = {

/* Begin PBXBuildFile section */
		D5AF68561E40E1E900E1BC39 /* WDBLib.cpp in Sources */ = {isa = PBXBuildFile; fileRef = D5AF68551E40E1E900E1BC39 /* WDBLib.cpp */; };
		D5AF68581E40E23500E1BC39 /* wdbtest.cpp in Sources */ = {isa = PBXBuildFile; fileRef = D5AF68571E40E23500E1BC39 /* wdbtest.cpp */; };
/* End PBXBuildFile section */

/* Begin PBXCopyFilesBuildPhase section */
		D51CB28E1E40E14900D2DC06 /* CopyFiles */ = {
			isa = PBXCopyFilesBuildPhase;
			buildActionMask = 2147483647;
			dstPath = /usr/share/man/man1/;
			dstSubfolderSpec = 0;
			files = (
			);
			runOnlyForDeploymentPostprocessing = 1;
		};
/* End PBXCopyFilesBuildPhase section */

/* Begin PBXFileReference section */
		D51CB2901E40E14900D2DC06 /* wdbtest */ = {isa = PBXFileReference; explicitFileType = "compiled.mach-o.executable"; includeInIndex = 0; path = wdbtest; sourceTree = BUILT_PRODUCTS_DIR; };
		D553D50E1E40E8D200AE1F52 /* WDBLib.h */ = {isa = PBXFileReference; fileEncoding = 4; lastKnownFileType = sourcecode.c.h; name = WDBLib.h; path = /wavedaq/software/lib/WDBLib.h; sourceTree = "<group>"; };
		D5AF68551E40E1E900E1BC39 /* WDBLib.cpp */ = {isa = PBXFileReference; fileEncoding = 4; lastKnownFileType = sourcecode.cpp.cpp; name = WDBLib.cpp; path = /wavedaq/software/lib/WDBLib.cpp; sourceTree = "<group>"; };
		D5AF68571E40E23500E1BC39 /* wdbtest.cpp */ = {isa = PBXFileReference; fileEncoding = 4; lastKnownFileType = sourcecode.cpp.cpp; name = wdbtest.cpp; path = /wavedaq/software/wdbtest/wdbtest.cpp; sourceTree = SOURCE_ROOT; };
/* End PBXFileReference section */

/* Begin PBXFrameworksBuildPhase section */
		D51CB28D1E40E14900D2DC06 /* Frameworks */ = {
			isa = PBXFrameworksBuildPhase;
			buildActionMask = 2147483647;
			files = (
			);
			runOnlyForDeploymentPostprocessing = 0;
		};
/* End PBXFrameworksBuildPhase section */

/* Begin PBXGroup section */
		D51CB2871E40E14900D2DC06 = {
			isa = PBXGroup;
			children = (
				D51CB2921E40E14900D2DC06 /* wdbtest */,
				D51CB2911E40E14900D2DC06 /* Products */,
			);
			sourceTree = "<group>";
		};
		D51CB2911E40E14900D2DC06 /* Products */ = {
			isa = PBXGroup;
			children = (
				D51CB2901E40E14900D2DC06 /* wdbtest */,
			);
			name = Products;
			sourceTree = "<group>";
		};
		D51CB2921E40E14900D2DC06 /* wdbtest */ = {
			isa = PBXGroup;
			children = (
				D553D50E1E40E8D200AE1F52 /* WDBLib.h */,
				D5AF68571E40E23500E1BC39 /* wdbtest.cpp */,
				D5AF68551E40E1E900E1BC39 /* WDBLib.cpp */,
			);
			path = wdbtest;
			sourceTree = "<group>";
		};
/* End PBXGroup section */

/* Begin PBXNativeTarget section */
		D51CB28F1E40E14900D2DC06 /* wdbtest */ = {
			isa = PBXNativeTarget;
			buildConfigurationList = D51CB2971E40E14900D2DC06 /* Build configuration list for PBXNativeTarget "wdbtest" */;
			buildPhases = (
				D51CB28C1E40E14900D2DC06 /* Sources */,
				D51CB28D1E40E14900D2DC06 /* Frameworks */,
				D51CB28E1E40E14900D2DC06 /* CopyFiles */,
			);
			buildRules = (
			);
			dependencies = (
			);
			name = wdbtest;
			productName = wdbtest;
			productReference = D51CB2901E40E14900D2DC06 /* wdbtest */;
			productType = "com.apple.product-type.tool";
		};
/* End PBXNativeTarget section */

/* Begin PBXProject section */
		D51CB2881E40E14900D2DC06 /* Project object */ = {
			isa = PBXProject;
			attributes = {
				LastUpgradeCheck = 0820;
				ORGANIZATIONNAME = "Stefan Ritt";
				TargetAttributes = {
					D51CB28F1E40E14900D2DC06 = {
						CreatedOnToolsVersion = 8.2.1;
						ProvisioningStyle = Automatic;
					};
				};
			};
			buildConfigurationList = D51CB28B1E40E14900D2DC06 /* Build configuration list for PBXProject "wdbtest" */;
			compatibilityVersion = "Xcode 3.2";
			developmentRegion = English;
			hasScannedForEncodings = 0;
			knownRegions = (
				en,
			);
			mainGroup = D51CB2871E40E14900D2DC06;
			productRefGroup = D51CB2911E40E14900D2DC06 /* Products */;
			projectDirPath = "";
			projectRoot = "";
			targets = (
				D51CB28F1E40E14900D2DC06 /* wdbtest */,
			);
		};
/* End PBXProject section */

/* Begin PBXSourcesBuildPhase section */
		D51CB28C1E40E14900D2DC06 /* Sources */ = {
			isa = PBXSourcesBuildPhase;
			buildActionMask = 2147483647;
			files = (
				D5AF68561E40E1E900E1BC39 /* WDBLib.cpp in Sources */,
				D5AF68581E40E23500E1BC39 /* wdbtest.cpp in Sources */,
			);
			runOnlyForDeploymentPostprocessing = 0;
		};
/* End PBXSourcesBuildPhase section */

/* Begin XCBuildConfiguration section */
		D51CB2951E40E14900D2DC06 /* Debug */ = {
			isa = XCBuildConfiguration;
			buildSettings = {
				ALWAYS_SEARCH_USER_PATHS = NO;
				CLANG_ANALYZER_NONNULL = YES;
				CLANG_CXX_LANGUAGE_STANDARD = "gnu++0x";
				CLANG_CXX_LIBRARY = "libc++";
				CLANG_ENABLE_MODULES = YES;
				CLANG_ENABLE_OBJC_ARC = YES;
				CLANG_WARN_BOOL_CONVERSION = YES;
				CLANG_WARN_CONSTANT_CONVERSION = YES;
				CLANG_WARN_DIRECT_OBJC_ISA_USAGE = YES_ERROR;
				CLANG_WARN_DOCUMENTATION_COMMENTS = YES;
				CLANG_WARN_EMPTY_BODY = YES;
				CLANG_WARN_ENUM_CONVERSION = YES;
				CLANG_WARN_INFINITE_RECURSION = YES;
				CLANG_WARN_INT_CONVERSION = YES;
				CLANG_WARN_OBJC_ROOT_CLASS = YES_ERROR;
				CLANG_WARN_SUSPICIOUS_MOVE = YES;
				CLANG_WARN_UNREACHABLE_CODE = YES;
				CLANG_WARN__DUPLICATE_METHOD_MATCH = YES;
				CODE_SIGN_IDENTITY = "-";
				COPY_PHASE_STRIP = NO;
				DEBUG_INFORMATION_FORMAT = dwarf;
				ENABLE_STRICT_OBJC_MSGSEND = YES;
				ENABLE_TESTABILITY = YES;
				GCC_C_LANGUAGE_STANDARD = gnu99;
				GCC_DYNAMIC_NO_PIC = NO;
				GCC_NO_COMMON_BLOCKS = YES;
				GCC_OPTIMIZATION_LEVEL = 0;
				GCC_PREPROCESSOR_DEFINITIONS = (
					"DEBUG=1",
					"$(inherited)",
				);
				GCC_WARN_64_TO_32_BIT_CONVERSION = YES;
				GCC_WARN_ABOUT_RETURN_TYPE = YES_ERROR;
				GCC_WARN_UNDECLARED_SELECTOR = YES;
				GCC_WARN_UNINITIALIZED_AUTOS = YES_AGGRESSIVE;
				GCC_WARN_UNUSED_FUNCTION = YES;
				GCC_WARN_UNUSED_VARIABLE = YES;
				MACOSX_DEPLOYMENT_TARGET = 10.12;
				MTL_ENABLE_DEBUG_INFO = YES;
				ONLY_ACTIVE_ARCH = YES;
				SDKROOT = macosx;
			};
			name = Debug;
		};
		D51CB2961E40E14900D2DC06 /* Release */ = {
			isa = XCBuildConfiguration;
			buildSettings = {
				ALWAYS_SEARCH_USER_PATHS = NO;
				CLANG_ANALYZER_NONNULL = YES;
				CLANG_CXX_LANGUAGE_STANDARD = "gnu++0x";
				CLANG_CXX_LIBRARY = "libc++";
				CLANG_ENABLE_MODULES = YES;
				CLANG_ENABLE_OBJC_ARC = YES;
				CLANG_WARN_BOOL_CONVERSION = YES;
				CLANG_WARN_CONSTANT_CONVERSION = YES;
				CLANG_WARN_DIRECT_OBJC_ISA_USAGE = YES_ERROR;
				CLANG_WARN_DOCUMENTATION_COMMENTS = YES;
				CLANG_WARN_EMPTY_BODY = YES;
				CLANG_WARN_ENUM_CONVERSION = YES;
				CLANG_WARN_INFINITE_RECURSION = YES;
				CLANG_WARN_INT_CONVERSION = YES;
				CLANG_WARN_OBJC_ROOT_CLASS = YES_ERROR;
				CLANG_WARN_SUSPICIOUS_MOVE = YES;
				CLANG_WARN_UNREACHABLE_CODE = YES;
				CLANG_WARN__DUPLICATE_METHOD_MATCH = YES;
				CODE_SIGN_IDENTITY = "-";
				COPY_PHASE_STRIP = NO;
				DEBUG_INFORMATION_FORMAT = "dwarf-with-dsym";
				ENABLE_NS_ASSERTIONS = NO;
				ENABLE_STRICT_OBJC_MSGSEND = YES;
				GCC_C_LANGUAGE_STANDARD = gnu99;
				GCC_NO_COMMON_BLOCKS = YES;
				GCC_WARN_64_TO_32_BIT_CONVERSION = YES;
				GCC_WARN_ABOUT_RETURN_TYPE = YES_ERROR;
				GCC_WARN_UNDECLARED_SELECTOR = YES;
				GCC_WARN_UNINITIALIZED_AUTOS = YES_AGGRESSIVE;
				GCC_WARN_UNUSED_FUNCTION = YES;
				GCC_WARN_UNUSED_VARIABLE = YES;
				MACOSX_DEPLOYMENT_TARGET = 10.12;
				MTL_ENABLE_DEBUG_INFO = NO;
				SDKROOT = macosx;
			};
			name = Release;
		};
		D51CB2981E40E14900D2DC06 /* Debug */ = {
			isa = XCBuildConfiguration;
			buildSettings = {
				HEADER_SEARCH_PATHS = /wavedaq/software/lib/;
				PRODUCT_NAME = "$(TARGET_NAME)";
			};
			name = Debug;
		};
		D51CB2991E40E14900D2DC06 /* Release */ = {
			isa = XCBuildConfiguration;
			buildSettings = {
				HEADER_SEARCH_PATHS = /wavedaq/software/lib/;
				PRODUCT_NAME = "$(TARGET_NAME)";
			};
			name = Release;
		};
/* End XCBuildConfiguration section */

/* Begin XCConfigurationList section */
		D51CB28B1E40E14900D2DC06 /* Build configuration list for PBXProject "wdbtest" */ = {
			isa = XCConfigurationList;
			buildConfigurations = (
				D51CB2951E40E14900D2DC06 /* Debug */,
				D51CB2961E40E14900D2DC06 /* Release */,
			);
			defaultConfigurationIsVisible = 0;
			defaultConfigurationName = Release;
		};
		D51CB2971E40E14900D2DC06 /* Build configuration list for PBXNativeTarget "wdbtest" */ = {
			isa = XCConfigurationList;
			buildConfigurations = (
				D51CB2981E40E14900D2DC06 /* Debug */,
				D51CB2991E40E14900D2DC06 /* Release */,
			);
			defaultConfigurationIsVisible = 0;
			defaultConfigurationName = Release;
		};
/* End XCConfigurationList section */
	};
	rootObject = D51CB2881E40E14900D2DC06 /* Project object */;
}
